PODS:
  - MediaKeyTap (2.1.0)

DEPENDENCIES:
  - MediaKeyTap (from `https://github.com/the0neyouseek/MediaKeyTap.git`)

EXTERNAL SOURCES:
  MediaKeyTap:
    :git: https://github.com/the0neyouseek/MediaKeyTap.git

CHECKOUT OPTIONS:
  MediaKeyTap:
    :commit: 61a64c17d598de7126f24befde6bdbd5dc7fa121
    :git: https://github.com/the0neyouseek/MediaKeyTap.git

SPEC CHECKSUMS:
  MediaKeyTap: b652877e9ae2d52ca4f5310fa5152945ad3f0798

PODFILE CHECKSUM: 74d434862e72d9bd44cfd5d9222a332046ff5815

COCOAPODS: 1.4.0
